
Microsoft Visual Studio Solution File, Format Version 12.00
# Visual Studio Version 16
VisualStudioVersion = 16.0.29306.81
MinimumVisualStudioVersion = 10.0.40219.1
Project("{FAE04EC0-301F-11D3-BF4B-00C04F79EFBC}") = "HW_Oracle", "HW_Oracle\HW_Oracle.csproj", "{A118AD0C-E0AF-4F90-95F3-0AFAB69CBD10}"
EndProject
Global
	GlobalSection(SolutionConfigurationPlatforms) = preSolution
		Debug|Any CPU = Debug|Any CPU
		Release|Any CPU = Release|Any CPU
	EndGlobalSection
	GlobalSection(ProjectConfigurationPlatforms) = postSolution
		{A118AD0C-E0AF-4F90-95F3-0AFAB69CBD10}.Debug|Any CPU.ActiveCfg = Debug|Any CPU
		{A118AD0C-E0AF-4F90-95F3-0AFAB69CBD10}.Debug|Any CPU.Build.0 = Debug|Any CPU
		{A118AD0C-E0AF-4F90-95F3-0AFAB69CBD10}.Release|Any CPU.ActiveCfg = Release|Any CPU
		{A118AD0C-E0AF-4F90-95F3-0AFAB69CBD10}.Release|Any CPU.Build.0 = Release|Any CPU
	EndGlobalSection
	GlobalSection(SolutionProperties) = preSolution
		HideSolutionNode = FALSE
	EndGlobalSection
	GlobalSection(ExtensibilityGlobals) = postSolution
		SolutionGuid = {739118DF-549E-4285-A838-12729AE69611}
	EndGlobalSection
EndGlobal
